
Microsoft Visual Studio Solution File, Format Version 12.00
# Visual Studio Version 17
VisualStudioVersion = 17.9.34723.18
MinimumVisualStudioVersion = 10.0.40219.1
Project("{2150E333-8FDC-42A3-9474-1A3956D46DE8}") = "Framework", "Framework", "{685EF950-BBED-47D8-BA32-CDB01438EFDA}"
EndProject
Project("{8BC9CEB8-8B4A-11D0-8D11-00A0C91BC942}") = "Core", "Framework\Core\Core.vcxproj", "{56AFBB7B-A9D1-4A75-AC8A-18C5DCF6AB74}"
EndProject
Project("{8BC9CEB8-8B4A-11D0-8D11-00A0C91BC942}") = "01_HelloWindow", "VGP242\01_HelloWindow\01_HelloWindow.vcxproj", "{21561F86-8155-41F7-9AED-DCA7FBCCFE6E}"
EndProject
Project("{2150E333-8FDC-42A3-9474-1A3956D46DE8}") = "Engine", "Engine", "{D5C743AB-A043-4C22-8170-639506C401B8}"
EndProject
Project("{8BC9CEB8-8B4A-11D0-8D11-00A0C91BC942}") = "ENgines", "Engine\ENgines\ENgine.vcxproj", "{893FBF47-989F-424C-B78D-EB18C4EA8341}"
EndProject
Project("{2150E333-8FDC-42A3-9474-1A3956D46DE8}") = "VGP242", "VGP242", "{5043F965-7483-4F85-945E-D31EBC67F4D0}"
EndProject
Project("{8BC9CEB8-8B4A-11D0-8D11-00A0C91BC942}") = "Graphics", "Framework\Graphics\Graphics.vcxproj", "{E9865D63-38B8-43C7-B0BE-E63658C47195}"
EndProject
Project("{2150E333-8FDC-42A3-9474-1A3956D46DE8}") = "External", "External", "{45DE3125-3199-4009-91F9-B21EA327E9E4}"
EndProject
Project("{8BC9CEB8-8B4A-11D0-8D11-00A0C91BC942}") = "DirectXTK_Desktop_2019", "External\DirectXTK\DirectXTK_Desktop_2019.vcxproj", "{E0B52AE7-E160-4D32-BF3F-910B785E5A8E}"
EndProject
Project("{8BC9CEB8-8B4A-11D0-8D11-00A0C91BC942}") = "Math", "Framework\Math\Math.vcxproj", "{3AE45C89-FBBA-4BC9-B2BE-4B9CF7BD4999}"
EndProject
Project("{8BC9CEB8-8B4A-11D0-8D11-00A0C91BC942}") = "Input", "Framework\Input\Input.vcxproj", "{3629F01A-6FED-42EB-B308-E9F7F1346EAF}"
EndProject
Project("{8BC9CEB8-8B4A-11D0-8D11-00A0C91BC942}") = "02_HelloShapes", "VGP242\02_HelloShapes\02_HelloShapes.vcxproj", "{18AE047B-3A0E-4A95-8A3D-A504D3D7E6BA}"
EndProject
Project("{2150E333-8FDC-42A3-9474-1A3956D46DE8}") = "Assets", "Assets", "{6C91DB3E-6E57-4222-9393-84E1F7DC68A8}"
EndProject
Project("{2150E333-8FDC-42A3-9474-1A3956D46DE8}") = "Shaders", "Shaders", "{4E826A2B-D50B-49D7-8194-FE755403659D}"
	ProjectSection(SolutionItems) = preProject
		Assets\Shaders\CelShading.fx = Assets\Shaders\CelShading.fx
		Assets\Shaders\DoColor.fx = Assets\Shaders\DoColor.fx
		Assets\Shaders\DoTexture.fx = Assets\Shaders\DoTexture.fx
		Assets\Shaders\DoTransform.fx = Assets\Shaders\DoTransform.fx
		Assets\Shaders\GaussianBlur.fx = Assets\Shaders\GaussianBlur.fx
		Assets\Shaders\PostProcessing.fx = Assets\Shaders\PostProcessing.fx
		Assets\Shaders\Shadow.fx = Assets\Shaders\Shadow.fx
		Assets\Shaders\Standard.fx = Assets\Shaders\Standard.fx
		Assets\Shaders\Terrain.fx = Assets\Shaders\Terrain.fx
	EndProjectSection
EndProject
Project("{8BC9CEB8-8B4A-11D0-8D11-00A0C91BC942}") = "03_HelloCube", "VGP242\03_HelloCube\03_HelloCube.vcxproj", "{063B08FF-6B96-43F9-82D6-7B141DC5E9BE}"
EndProject
Project("{8BC9CEB8-8B4A-11D0-8D11-00A0C91BC942}") = "04_HelloMeshBuilder", "VGP242\04_HelloMeshBuilder\04_HelloMeshBuilder.vcxproj", "{D606FEC9-F405-441E-8D79-01B9233BE752}"
EndProject
Project("{8BC9CEB8-8B4A-11D0-8D11-00A0C91BC942}") = "ImGui", "External\ImGui\ImGui.vcxproj", "{52D656A2-A2F4-4C54-A3C7-653427BED1E8}"
EndProject
Project("{8BC9CEB8-8B4A-11D0-8D11-00A0C91BC942}") = "05_HelloDebug", "VGP242\05_HelloDebug\05_HelloDebug.vcxproj", "{84DD063F-A513-407A-9167-0E4A361EA502}"
EndProject
Project("{8BC9CEB8-8B4A-11D0-8D11-00A0C91BC942}") = "06_HelloSimpleDraw", "VGP242\06_HelloSimpleDraw\06_HelloSimpleDraw.vcxproj", "{F425C27C-5124-4142-BCB2-C66BC85F3ECA}"
EndProject
Project("{8BC9CEB8-8B4A-11D0-8D11-00A0C91BC942}") = "07_HelloRenderTarget", "VGP242\07_HelloRenderTarget\07_HelloRenderTarget.vcxproj", "{72EE996B-4DC7-4A11-BCA5-0B9CC051ABAD}"
EndProject
Project("{8BC9CEB8-8B4A-11D0-8D11-00A0C91BC942}") = "08_HelloSolarSystem", "VGP242\08_HelloSolarSystem\08_HelloSolarSystem.vcxproj", "{F4994E1E-462E-48D5-AAC7-45D99DACAEA8}"
EndProject
Project("{2150E333-8FDC-42A3-9474-1A3956D46DE8}") = "VGP330", "VGP330", "{D98E23DF-2DA2-4A10-AFBD-482A2DCBD3F0}"
EndProject
Project("{8BC9CEB8-8B4A-11D0-8D11-00A0C91BC942}") = "10_HelloLighting", "VGP330\10_HelloLighting\10_HelloLighting.vcxproj", "{84BAD33B-828F-47C9-A80A-3306F3039651}"
EndProject
Project("{8BC9CEB8-8B4A-11D0-8D11-00A0C91BC942}") = "12_HelloModel", "VGP330\12_HelloModel\12_HelloModel.vcxproj", "{8B657840-C671-426A-8CDB-67A661E47ABC}"
EndProject
Project("{8BC9CEB8-8B4A-11D0-8D11-00A0C91BC942}") = "11_HelloCelShading", "VGP330\11_HelloCelShading\11_HelloCelShading.vcxproj", "{46786999-F033-4063-98BB-BAE46315C289}"
EndProject
Project("{2150E333-8FDC-42A3-9474-1A3956D46DE8}") = "Tools", "Tools", "{6F909C62-86F5-4F2D-B837-A94F314140CA}"
EndProject
Project("{8BC9CEB8-8B4A-11D0-8D11-00A0C91BC942}") = "ModelImporter", "Tools\ModelImporter\ModelImporter.vcxproj", "{20021CD6-EAD9-4CF5-BC89-14F927FDE9B6}"
EndProject
Project("{8BC9CEB8-8B4A-11D0-8D11-00A0C91BC942}") = "13_HelloPostProcessing", "VGP330\13_HelloPostProcessing\13_HelloPostProcessing.vcxproj", "{8DB613B4-288B-479D-823A-1E5741D19B8C}"
EndProject
Project("{8BC9CEB8-8B4A-11D0-8D11-00A0C91BC942}") = "14_HelloGaussianBlur", "VGP330\14_HelloGaussianBlur\14_HelloGaussianBlur.vcxproj", "{5BBFF287-7910-4877-8E8B-F1B38E1161A9}"
EndProject
Project("{8BC9CEB8-8B4A-11D0-8D11-00A0C91BC942}") = "15_HelloTerrain", "VGP330\15_HelloTerrain\15_HelloTerrain.vcxproj", "{EEAFB72D-B7AD-4265-820A-818A8590F6AF}"
EndProject
Project("{8BC9CEB8-8B4A-11D0-8D11-00A0C91BC942}") = "16_HelloShadow", "VGP330\16_HelloShadow\16_HelloShadow.vcxproj", "{C11FFC21-7392-41B7-9ADC-317ABE44E8B0}"
EndProject
Project("{8BC9CEB8-8B4A-11D0-8D11-00A0C91BC942}") = "17_HelloBillBoard", "VGP330\17_HelloBillBoard\17_HelloBillBoard.vcxproj", "{2C8C7939-6A7F-4B94-853C-E9E35BC47E19}"
EndProject
Project("{8BC9CEB8-8B4A-11D0-8D11-00A0C91BC942}") = "18_HelloInfrared", "VGP330\18_HelloInfared\18_HelloInfared.vcxproj", "{F1435998-B5C3-427B-92D0-C96E3999BE6D}"
EndProject
Project("{2150E333-8FDC-42A3-9474-1A3956D46DE8}") = "VGP334", "VGP334", "{4C0ECF37-62EA-437E-8C89-0FEAEBC39D74}"
EndProject
Project("{8BC9CEB8-8B4A-11D0-8D11-00A0C91BC942}") = "16_HelloAnimation", "VGP334\16_HelloAnimation\16_HelloAnimation.vcxproj", "{7BF559FB-2032-4002-8CB7-A8EF5DC7A214}"
EndProject
Project("{8BC9CEB8-8B4A-11D0-8D11-00A0C91BC942}") = "20_HelloSkeleton", "VGP334\20_HelloSkeleton\20_HelloSkeleton.vcxproj", "{9D9C8F0F-E88C-415B-96A3-FE9DE0437FEC}"
EndProject
Project("{8BC9CEB8-8B4A-11D0-8D11-00A0C91BC942}") = "Physics", "Framework\Physics\Physics.vcxproj", "{8F21474D-D5AC-4697-B4E7-1A90B5AFCB0F}"
EndProject
Project("{8BC9CEB8-8B4A-11D0-8D11-00A0C91BC942}") = "Bullet", "External\Bullet\Bullet.vcxproj", "{516192EB-788A-4FE7-B2B7-2EF9AC036B12}"
EndProject
Project("{8BC9CEB8-8B4A-11D0-8D11-00A0C91BC942}") = "21_HelloSkeletonAnimation", "VGP334\21_HelloSkeletonAnimation\21_HelloSkeletonAnimation.vcxproj", "{962D5317-D0F0-491A-84A5-FE40E8D55DF7}"
EndProject
Global
	GlobalSection(SolutionConfigurationPlatforms) = preSolution
		Debug|x64 = Debug|x64
		Debug|x86 = Debug|x86
		Release|x64 = Release|x64
		Release|x86 = Release|x86
	EndGlobalSection
	GlobalSection(ProjectConfigurationPlatforms) = postSolution
		{56AFBB7B-A9D1-4A75-AC8A-18C5DCF6AB74}.Debug|x64.ActiveCfg = Debug|x64
		{56AFBB7B-A9D1-4A75-AC8A-18C5DCF6AB74}.Debug|x64.Build.0 = Debug|x64
		{56AFBB7B-A9D1-4A75-AC8A-18C5DCF6AB74}.Debug|x86.ActiveCfg = Debug|Win32
		{56AFBB7B-A9D1-4A75-AC8A-18C5DCF6AB74}.Debug|x86.Build.0 = Debug|Win32
		{56AFBB7B-A9D1-4A75-AC8A-18C5DCF6AB74}.Release|x64.ActiveCfg = Release|x64
		{56AFBB7B-A9D1-4A75-AC8A-18C5DCF6AB74}.Release|x64.Build.0 = Release|x64
		{56AFBB7B-A9D1-4A75-AC8A-18C5DCF6AB74}.Release|x86.ActiveCfg = Release|Win32
		{56AFBB7B-A9D1-4A75-AC8A-18C5DCF6AB74}.Release|x86.Build.0 = Release|Win32
		{21561F86-8155-41F7-9AED-DCA7FBCCFE6E}.Debug|x64.ActiveCfg = Debug|x64
		{21561F86-8155-41F7-9AED-DCA7FBCCFE6E}.Debug|x64.Build.0 = Debug|x64
		{21561F86-8155-41F7-9AED-DCA7FBCCFE6E}.Debug|x86.ActiveCfg = Debug|Win32
		{21561F86-8155-41F7-9AED-DCA7FBCCFE6E}.Debug|x86.Build.0 = Debug|Win32
		{21561F86-8155-41F7-9AED-DCA7FBCCFE6E}.Release|x64.ActiveCfg = Release|x64
		{21561F86-8155-41F7-9AED-DCA7FBCCFE6E}.Release|x64.Build.0 = Release|x64
		{21561F86-8155-41F7-9AED-DCA7FBCCFE6E}.Release|x86.ActiveCfg = Release|Win32
		{21561F86-8155-41F7-9AED-DCA7FBCCFE6E}.Release|x86.Build.0 = Release|Win32
		{893FBF47-989F-424C-B78D-EB18C4EA8341}.Debug|x64.ActiveCfg = Debug|x64
		{893FBF47-989F-424C-B78D-EB18C4EA8341}.Debug|x64.Build.0 = Debug|x64
		{893FBF47-989F-424C-B78D-EB18C4EA8341}.Debug|x86.ActiveCfg = Debug|Win32
		{893FBF47-989F-424C-B78D-EB18C4EA8341}.Debug|x86.Build.0 = Debug|Win32
		{893FBF47-989F-424C-B78D-EB18C4EA8341}.Release|x64.ActiveCfg = Release|x64
		{893FBF47-989F-424C-B78D-EB18C4EA8341}.Release|x64.Build.0 = Release|x64
		{893FBF47-989F-424C-B78D-EB18C4EA8341}.Release|x86.ActiveCfg = Release|Win32
		{893FBF47-989F-424C-B78D-EB18C4EA8341}.Release|x86.Build.0 = Release|Win32
		{E9865D63-38B8-43C7-B0BE-E63658C47195}.Debug|x64.ActiveCfg = Debug|x64
		{E9865D63-38B8-43C7-B0BE-E63658C47195}.Debug|x64.Build.0 = Debug|x64
		{E9865D63-38B8-43C7-B0BE-E63658C47195}.Debug|x86.ActiveCfg = Debug|Win32
		{E9865D63-38B8-43C7-B0BE-E63658C47195}.Debug|x86.Build.0 = Debug|Win32
		{E9865D63-38B8-43C7-B0BE-E63658C47195}.Release|x64.ActiveCfg = Release|x64
		{E9865D63-38B8-43C7-B0BE-E63658C47195}.Release|x64.Build.0 = Release|x64
		{E9865D63-38B8-43C7-B0BE-E63658C47195}.Release|x86.ActiveCfg = Release|Win32
		{E9865D63-38B8-43C7-B0BE-E63658C47195}.Release|x86.Build.0 = Release|Win32
		{E0B52AE7-E160-4D32-BF3F-910B785E5A8E}.Debug|x64.ActiveCfg = Debug|x64
		{E0B52AE7-E160-4D32-BF3F-910B785E5A8E}.Debug|x64.Build.0 = Debug|x64
		{E0B52AE7-E160-4D32-BF3F-910B785E5A8E}.Debug|x86.ActiveCfg = Debug|Win32
		{E0B52AE7-E160-4D32-BF3F-910B785E5A8E}.Debug|x86.Build.0 = Debug|Win32
		{E0B52AE7-E160-4D32-BF3F-910B785E5A8E}.Release|x64.ActiveCfg = Release|x64
		{E0B52AE7-E160-4D32-BF3F-910B785E5A8E}.Release|x64.Build.0 = Release|x64
		{E0B52AE7-E160-4D32-BF3F-910B785E5A8E}.Release|x86.ActiveCfg = Release|Win32
		{E0B52AE7-E160-4D32-BF3F-910B785E5A8E}.Release|x86.Build.0 = Release|Win32
		{3AE45C89-FBBA-4BC9-B2BE-4B9CF7BD4999}.Debug|x64.ActiveCfg = Debug|x64
		{3AE45C89-FBBA-4BC9-B2BE-4B9CF7BD4999}.Debug|x64.Build.0 = Debug|x64
		{3AE45C89-FBBA-4BC9-B2BE-4B9CF7BD4999}.Debug|x86.ActiveCfg = Debug|Win32
		{3AE45C89-FBBA-4BC9-B2BE-4B9CF7BD4999}.Debug|x86.Build.0 = Debug|Win32
		{3AE45C89-FBBA-4BC9-B2BE-4B9CF7BD4999}.Release|x64.ActiveCfg = Release|x64
		{3AE45C89-FBBA-4BC9-B2BE-4B9CF7BD4999}.Release|x64.Build.0 = Release|x64
		{3AE45C89-FBBA-4BC9-B2BE-4B9CF7BD4999}.Release|x86.ActiveCfg = Release|Win32
		{3AE45C89-FBBA-4BC9-B2BE-4B9CF7BD4999}.Release|x86.Build.0 = Release|Win32
		{3629F01A-6FED-42EB-B308-E9F7F1346EAF}.Debug|x64.ActiveCfg = Debug|x64
		{3629F01A-6FED-42EB-B308-E9F7F1346EAF}.Debug|x64.Build.0 = Debug|x64
		{3629F01A-6FED-42EB-B308-E9F7F1346EAF}.Debug|x86.ActiveCfg = Debug|Win32
		{3629F01A-6FED-42EB-B308-E9F7F1346EAF}.Debug|x86.Build.0 = Debug|Win32
		{3629F01A-6FED-42EB-B308-E9F7F1346EAF}.Release|x64.ActiveCfg = Release|x64
		{3629F01A-6FED-42EB-B308-E9F7F1346EAF}.Release|x64.Build.0 = Release|x64
		{3629F01A-6FED-42EB-B308-E9F7F1346EAF}.Release|x86.ActiveCfg = Release|Win32
		{3629F01A-6FED-42EB-B308-E9F7F1346EAF}.Release|x86.Build.0 = Release|Win32
		{18AE047B-3A0E-4A95-8A3D-A504D3D7E6BA}.Debug|x64.ActiveCfg = Debug|x64
		{18AE047B-3A0E-4A95-8A3D-A504D3D7E6BA}.Debug|x64.Build.0 = Debug|x64
		{18AE047B-3A0E-4A95-8A3D-A504D3D7E6BA}.Debug|x86.ActiveCfg = Debug|Win32
		{18AE047B-3A0E-4A95-8A3D-A504D3D7E6BA}.Debug|x86.Build.0 = Debug|Win32
		{18AE047B-3A0E-4A95-8A3D-A504D3D7E6BA}.Release|x64.ActiveCfg = Release|x64
		{18AE047B-3A0E-4A95-8A3D-A504D3D7E6BA}.Release|x64.Build.0 = Release|x64
		{18AE047B-3A0E-4A95-8A3D-A504D3D7E6BA}.Release|x86.ActiveCfg = Release|Win32
		{18AE047B-3A0E-4A95-8A3D-A504D3D7E6BA}.Release|x86.Build.0 = Release|Win32
		{063B08FF-6B96-43F9-82D6-7B141DC5E9BE}.Debug|x64.ActiveCfg = Debug|x64
		{063B08FF-6B96-43F9-82D6-7B141DC5E9BE}.Debug|x64.Build.0 = Debug|x64
		{063B08FF-6B96-43F9-82D6-7B141DC5E9BE}.Debug|x86.ActiveCfg = Debug|Win32
		{063B08FF-6B96-43F9-82D6-7B141DC5E9BE}.Debug|x86.Build.0 = Debug|Win32
		{063B08FF-6B96-43F9-82D6-7B141DC5E9BE}.Release|x64.ActiveCfg = Release|x64
		{063B08FF-6B96-43F9-82D6-7B141DC5E9BE}.Release|x64.Build.0 = Release|x64
		{063B08FF-6B96-43F9-82D6-7B141DC5E9BE}.Release|x86.ActiveCfg = Release|Win32
		{063B08FF-6B96-43F9-82D6-7B141DC5E9BE}.Release|x86.Build.0 = Release|Win32
		{D606FEC9-F405-441E-8D79-01B9233BE752}.Debug|x64.ActiveCfg = Debug|x64
		{D606FEC9-F405-441E-8D79-01B9233BE752}.Debug|x64.Build.0 = Debug|x64
		{D606FEC9-F405-441E-8D79-01B9233BE752}.Debug|x86.ActiveCfg = Debug|Win32
		{D606FEC9-F405-441E-8D79-01B9233BE752}.Debug|x86.Build.0 = Debug|Win32
		{D606FEC9-F405-441E-8D79-01B9233BE752}.Release|x64.ActiveCfg = Release|x64
		{D606FEC9-F405-441E-8D79-01B9233BE752}.Release|x64.Build.0 = Release|x64
		{D606FEC9-F405-441E-8D79-01B9233BE752}.Release|x86.ActiveCfg = Release|Win32
		{D606FEC9-F405-441E-8D79-01B9233BE752}.Release|x86.Build.0 = Release|Win32
		{52D656A2-A2F4-4C54-A3C7-653427BED1E8}.Debug|x64.ActiveCfg = Debug|x64
		{52D656A2-A2F4-4C54-A3C7-653427BED1E8}.Debug|x64.Build.0 = Debug|x64
		{52D656A2-A2F4-4C54-A3C7-653427BED1E8}.Debug|x86.ActiveCfg = Debug|Win32
		{52D656A2-A2F4-4C54-A3C7-653427BED1E8}.Debug|x86.Build.0 = Debug|Win32
		{52D656A2-A2F4-4C54-A3C7-653427BED1E8}.Release|x64.ActiveCfg = Release|x64
		{52D656A2-A2F4-4C54-A3C7-653427BED1E8}.Release|x64.Build.0 = Release|x64
		{52D656A2-A2F4-4C54-A3C7-653427BED1E8}.Release|x86.ActiveCfg = Release|Win32
		{52D656A2-A2F4-4C54-A3C7-653427BED1E8}.Release|x86.Build.0 = Release|Win32
		{84DD063F-A513-407A-9167-0E4A361EA502}.Debug|x64.ActiveCfg = Debug|x64
		{84DD063F-A513-407A-9167-0E4A361EA502}.Debug|x64.Build.0 = Debug|x64
		{84DD063F-A513-407A-9167-0E4A361EA502}.Debug|x86.ActiveCfg = Debug|Win32
		{84DD063F-A513-407A-9167-0E4A361EA502}.Debug|x86.Build.0 = Debug|Win32
		{84DD063F-A513-407A-9167-0E4A361EA502}.Release|x64.ActiveCfg = Release|x64
		{84DD063F-A513-407A-9167-0E4A361EA502}.Release|x64.Build.0 = Release|x64
		{84DD063F-A513-407A-9167-0E4A361EA502}.Release|x86.ActiveCfg = Release|Win32
		{84DD063F-A513-407A-9167-0E4A361EA502}.Release|x86.Build.0 = Release|Win32
		{F425C27C-5124-4142-BCB2-C66BC85F3ECA}.Debug|x64.ActiveCfg = Debug|x64
		{F425C27C-5124-4142-BCB2-C66BC85F3ECA}.Debug|x64.Build.0 = Debug|x64
		{F425C27C-5124-4142-BCB2-C66BC85F3ECA}.Debug|x86.ActiveCfg = Debug|Win32
		{F425C27C-5124-4142-BCB2-C66BC85F3ECA}.Debug|x86.Build.0 = Debug|Win32
		{F425C27C-5124-4142-BCB2-C66BC85F3ECA}.Release|x64.ActiveCfg = Release|x64
		{F425C27C-5124-4142-BCB2-C66BC85F3ECA}.Release|x64.Build.0 = Release|x64
		{F425C27C-5124-4142-BCB2-C66BC85F3ECA}.Release|x86.ActiveCfg = Release|Win32
		{F425C27C-5124-4142-BCB2-C66BC85F3ECA}.Release|x86.Build.0 = Release|Win32
		{72EE996B-4DC7-4A11-BCA5-0B9CC051ABAD}.Debug|x64.ActiveCfg = Debug|x64
		{72EE996B-4DC7-4A11-BCA5-0B9CC051ABAD}.Debug|x64.Build.0 = Debug|x64
		{72EE996B-4DC7-4A11-BCA5-0B9CC051ABAD}.Debug|x86.ActiveCfg = Debug|Win32
		{72EE996B-4DC7-4A11-BCA5-0B9CC051ABAD}.Debug|x86.Build.0 = Debug|Win32
		{72EE996B-4DC7-4A11-BCA5-0B9CC051ABAD}.Release|x64.ActiveCfg = Release|x64
		{72EE996B-4DC7-4A11-BCA5-0B9CC051ABAD}.Release|x64.Build.0 = Release|x64
		{72EE996B-4DC7-4A11-BCA5-0B9CC051ABAD}.Release|x86.ActiveCfg = Release|Win32
		{72EE996B-4DC7-4A11-BCA5-0B9CC051ABAD}.Release|x86.Build.0 = Release|Win32
		{F4994E1E-462E-48D5-AAC7-45D99DACAEA8}.Debug|x64.ActiveCfg = Debug|x64
		{F4994E1E-462E-48D5-AAC7-45D99DACAEA8}.Debug|x64.Build.0 = Debug|x64
		{F4994E1E-462E-48D5-AAC7-45D99DACAEA8}.Debug|x86.ActiveCfg = Debug|Win32
		{F4994E1E-462E-48D5-AAC7-45D99DACAEA8}.Debug|x86.Build.0 = Debug|Win32
		{F4994E1E-462E-48D5-AAC7-45D99DACAEA8}.Release|x64.ActiveCfg = Release|x64
		{F4994E1E-462E-48D5-AAC7-45D99DACAEA8}.Release|x64.Build.0 = Release|x64
		{F4994E1E-462E-48D5-AAC7-45D99DACAEA8}.Release|x86.ActiveCfg = Release|Win32
		{F4994E1E-462E-48D5-AAC7-45D99DACAEA8}.Release|x86.Build.0 = Release|Win32
		{84BAD33B-828F-47C9-A80A-3306F3039651}.Debug|x64.ActiveCfg = Debug|x64
		{84BAD33B-828F-47C9-A80A-3306F3039651}.Debug|x64.Build.0 = Debug|x64
		{84BAD33B-828F-47C9-A80A-3306F3039651}.Debug|x86.ActiveCfg = Debug|Win32
		{84BAD33B-828F-47C9-A80A-3306F3039651}.Debug|x86.Build.0 = Debug|Win32
		{84BAD33B-828F-47C9-A80A-3306F3039651}.Release|x64.ActiveCfg = Release|x64
		{84BAD33B-828F-47C9-A80A-3306F3039651}.Release|x64.Build.0 = Release|x64
		{84BAD33B-828F-47C9-A80A-3306F3039651}.Release|x86.ActiveCfg = Release|Win32
		{84BAD33B-828F-47C9-A80A-3306F3039651}.Release|x86.Build.0 = Release|Win32
		{8B657840-C671-426A-8CDB-67A661E47ABC}.Debug|x64.ActiveCfg = Debug|x64
		{8B657840-C671-426A-8CDB-67A661E47ABC}.Debug|x64.Build.0 = Debug|x64
		{8B657840-C671-426A-8CDB-67A661E47ABC}.Debug|x86.ActiveCfg = Debug|Win32
		{8B657840-C671-426A-8CDB-67A661E47ABC}.Debug|x86.Build.0 = Debug|Win32
		{8B657840-C671-426A-8CDB-67A661E47ABC}.Release|x64.ActiveCfg = Release|x64
		{8B657840-C671-426A-8CDB-67A661E47ABC}.Release|x64.Build.0 = Release|x64
		{8B657840-C671-426A-8CDB-67A661E47ABC}.Release|x86.ActiveCfg = Release|Win32
		{8B657840-C671-426A-8CDB-67A661E47ABC}.Release|x86.Build.0 = Release|Win32
		{46786999-F033-4063-98BB-BAE46315C289}.Debug|x64.ActiveCfg = Debug|x64
		{46786999-F033-4063-98BB-BAE46315C289}.Debug|x64.Build.0 = Debug|x64
		{46786999-F033-4063-98BB-BAE46315C289}.Debug|x86.ActiveCfg = Debug|Win32
		{46786999-F033-4063-98BB-BAE46315C289}.Debug|x86.Build.0 = Debug|Win32
		{46786999-F033-4063-98BB-BAE46315C289}.Release|x64.ActiveCfg = Release|x64
		{46786999-F033-4063-98BB-BAE46315C289}.Release|x64.Build.0 = Release|x64
		{46786999-F033-4063-98BB-BAE46315C289}.Release|x86.ActiveCfg = Release|Win32
		{46786999-F033-4063-98BB-BAE46315C289}.Release|x86.Build.0 = Release|Win32
		{20021CD6-EAD9-4CF5-BC89-14F927FDE9B6}.Debug|x64.ActiveCfg = Debug|x64
		{20021CD6-EAD9-4CF5-BC89-14F927FDE9B6}.Debug|x64.Build.0 = Debug|x64
		{20021CD6-EAD9-4CF5-BC89-14F927FDE9B6}.Debug|x86.ActiveCfg = Debug|Win32
		{20021CD6-EAD9-4CF5-BC89-14F927FDE9B6}.Debug|x86.Build.0 = Debug|Win32
		{20021CD6-EAD9-4CF5-BC89-14F927FDE9B6}.Release|x64.ActiveCfg = Release|x64
		{20021CD6-EAD9-4CF5-BC89-14F927FDE9B6}.Release|x64.Build.0 = Release|x64
		{20021CD6-EAD9-4CF5-BC89-14F927FDE9B6}.Release|x86.ActiveCfg = Release|Win32
		{20021CD6-EAD9-4CF5-BC89-14F927FDE9B6}.Release|x86.Build.0 = Release|Win32
		{8DB613B4-288B-479D-823A-1E5741D19B8C}.Debug|x64.ActiveCfg = Debug|x64
		{8DB613B4-288B-479D-823A-1E5741D19B8C}.Debug|x64.Build.0 = Debug|x64
		{8DB613B4-288B-479D-823A-1E5741D19B8C}.Debug|x86.ActiveCfg = Debug|Win32
		{8DB613B4-288B-479D-823A-1E5741D19B8C}.Debug|x86.Build.0 = Debug|Win32
		{8DB613B4-288B-479D-823A-1E5741D19B8C}.Release|x64.ActiveCfg = Release|x64
		{8DB613B4-288B-479D-823A-1E5741D19B8C}.Release|x64.Build.0 = Release|x64
		{8DB613B4-288B-479D-823A-1E5741D19B8C}.Release|x86.ActiveCfg = Release|Win32
		{8DB613B4-288B-479D-823A-1E5741D19B8C}.Release|x86.Build.0 = Release|Win32
		{5BBFF287-7910-4877-8E8B-F1B38E1161A9}.Debug|x64.ActiveCfg = Debug|x64
		{5BBFF287-7910-4877-8E8B-F1B38E1161A9}.Debug|x64.Build.0 = Debug|x64
		{5BBFF287-7910-4877-8E8B-F1B38E1161A9}.Debug|x86.ActiveCfg = Debug|Win32
		{5BBFF287-7910-4877-8E8B-F1B38E1161A9}.Debug|x86.Build.0 = Debug|Win32
		{5BBFF287-7910-4877-8E8B-F1B38E1161A9}.Release|x64.ActiveCfg = Release|x64
		{5BBFF287-7910-4877-8E8B-F1B38E1161A9}.Release|x64.Build.0 = Release|x64
		{5BBFF287-7910-4877-8E8B-F1B38E1161A9}.Release|x86.ActiveCfg = Release|Win32
		{5BBFF287-7910-4877-8E8B-F1B38E1161A9}.Release|x86.Build.0 = Release|Win32
		{EEAFB72D-B7AD-4265-820A-818A8590F6AF}.Debug|x64.ActiveCfg = Debug|x64
		{EEAFB72D-B7AD-4265-820A-818A8590F6AF}.Debug|x64.Build.0 = Debug|x64
		{EEAFB72D-B7AD-4265-820A-818A8590F6AF}.Debug|x86.ActiveCfg = Debug|Win32
		{EEAFB72D-B7AD-4265-820A-818A8590F6AF}.Debug|x86.Build.0 = Debug|Win32
		{EEAFB72D-B7AD-4265-820A-818A8590F6AF}.Release|x64.ActiveCfg = Release|x64
		{EEAFB72D-B7AD-4265-820A-818A8590F6AF}.Release|x64.Build.0 = Release|x64
		{EEAFB72D-B7AD-4265-820A-818A8590F6AF}.Release|x86.ActiveCfg = Release|Win32
		{EEAFB72D-B7AD-4265-820A-818A8590F6AF}.Release|x86.Build.0 = Release|Win32
		{C11FFC21-7392-41B7-9ADC-317ABE44E8B0}.Debug|x64.ActiveCfg = Debug|x64
		{C11FFC21-7392-41B7-9ADC-317ABE44E8B0}.Debug|x64.Build.0 = Debug|x64
		{C11FFC21-7392-41B7-9ADC-317ABE44E8B0}.Debug|x86.ActiveCfg = Debug|Win32
		{C11FFC21-7392-41B7-9ADC-317ABE44E8B0}.Debug|x86.Build.0 = Debug|Win32
		{C11FFC21-7392-41B7-9ADC-317ABE44E8B0}.Release|x64.ActiveCfg = Release|x64
		{C11FFC21-7392-41B7-9ADC-317ABE44E8B0}.Release|x64.Build.0 = Release|x64
		{C11FFC21-7392-41B7-9ADC-317ABE44E8B0}.Release|x86.ActiveCfg = Release|Win32
		{C11FFC21-7392-41B7-9ADC-317ABE44E8B0}.Release|x86.Build.0 = Release|Win32
		{2C8C7939-6A7F-4B94-853C-E9E35BC47E19}.Debug|x64.ActiveCfg = Debug|x64
		{2C8C7939-6A7F-4B94-853C-E9E35BC47E19}.Debug|x64.Build.0 = Debug|x64
		{2C8C7939-6A7F-4B94-853C-E9E35BC47E19}.Debug|x86.ActiveCfg = Debug|Win32
		{2C8C7939-6A7F-4B94-853C-E9E35BC47E19}.Debug|x86.Build.0 = Debug|Win32
		{2C8C7939-6A7F-4B94-853C-E9E35BC47E19}.Release|x64.ActiveCfg = Release|x64
		{2C8C7939-6A7F-4B94-853C-E9E35BC47E19}.Release|x64.Build.0 = Release|x64
		{2C8C7939-6A7F-4B94-853C-E9E35BC47E19}.Release|x86.ActiveCfg = Release|Win32
		{2C8C7939-6A7F-4B94-853C-E9E35BC47E19}.Release|x86.Build.0 = Release|Win32
		{F1435998-B5C3-427B-92D0-C96E3999BE6D}.Debug|x64.ActiveCfg = Debug|x64
		{F1435998-B5C3-427B-92D0-C96E3999BE6D}.Debug|x64.Build.0 = Debug|x64
		{F1435998-B5C3-427B-92D0-C96E3999BE6D}.Debug|x86.ActiveCfg = Debug|Win32
		{F1435998-B5C3-427B-92D0-C96E3999BE6D}.Debug|x86.Build.0 = Debug|Win32
		{F1435998-B5C3-427B-92D0-C96E3999BE6D}.Release|x64.ActiveCfg = Release|x64
		{F1435998-B5C3-427B-92D0-C96E3999BE6D}.Release|x64.Build.0 = Release|x64
		{F1435998-B5C3-427B-92D0-C96E3999BE6D}.Release|x86.ActiveCfg = Release|Win32
		{F1435998-B5C3-427B-92D0-C96E3999BE6D}.Release|x86.Build.0 = Release|Win32
		{7BF559FB-2032-4002-8CB7-A8EF5DC7A214}.Debug|x64.ActiveCfg = Debug|x64
		{7BF559FB-2032-4002-8CB7-A8EF5DC7A214}.Debug|x64.Build.0 = Debug|x64
		{7BF559FB-2032-4002-8CB7-A8EF5DC7A214}.Debug|x86.ActiveCfg = Debug|Win32
		{7BF559FB-2032-4002-8CB7-A8EF5DC7A214}.Debug|x86.Build.0 = Debug|Win32
		{7BF559FB-2032-4002-8CB7-A8EF5DC7A214}.Release|x64.ActiveCfg = Release|x64
		{7BF559FB-2032-4002-8CB7-A8EF5DC7A214}.Release|x64.Build.0 = Release|x64
		{7BF559FB-2032-4002-8CB7-A8EF5DC7A214}.Release|x86.ActiveCfg = Release|Win32
		{7BF559FB-2032-4002-8CB7-A8EF5DC7A214}.Release|x86.Build.0 = Release|Win32
		{9D9C8F0F-E88C-415B-96A3-FE9DE0437FEC}.Debug|x64.ActiveCfg = Debug|x64
		{9D9C8F0F-E88C-415B-96A3-FE9DE0437FEC}.Debug|x64.Build.0 = Debug|x64
		{9D9C8F0F-E88C-415B-96A3-FE9DE0437FEC}.Debug|x86.ActiveCfg = Debug|Win32
		{9D9C8F0F-E88C-415B-96A3-FE9DE0437FEC}.Debug|x86.Build.0 = Debug|Win32
		{9D9C8F0F-E88C-415B-96A3-FE9DE0437FEC}.Release|x64.ActiveCfg = Release|x64
		{9D9C8F0F-E88C-415B-96A3-FE9DE0437FEC}.Release|x64.Build.0 = Release|x64
		{9D9C8F0F-E88C-415B-96A3-FE9DE0437FEC}.Release|x86.ActiveCfg = Release|Win32
		{9D9C8F0F-E88C-415B-96A3-FE9DE0437FEC}.Release|x86.Build.0 = Release|Win32
		{8F21474D-D5AC-4697-B4E7-1A90B5AFCB0F}.Debug|x64.ActiveCfg = Debug|x64
		{8F21474D-D5AC-4697-B4E7-1A90B5AFCB0F}.Debug|x64.Build.0 = Debug|x64
		{8F21474D-D5AC-4697-B4E7-1A90B5AFCB0F}.Debug|x86.ActiveCfg = Debug|Win32
		{8F21474D-D5AC-4697-B4E7-1A90B5AFCB0F}.Debug|x86.Build.0 = Debug|Win32
		{8F21474D-D5AC-4697-B4E7-1A90B5AFCB0F}.Release|x64.ActiveCfg = Release|x64
		{8F21474D-D5AC-4697-B4E7-1A90B5AFCB0F}.Release|x64.Build.0 = Release|x64
		{8F21474D-D5AC-4697-B4E7-1A90B5AFCB0F}.Release|x86.ActiveCfg = Release|Win32
		{8F21474D-D5AC-4697-B4E7-1A90B5AFCB0F}.Release|x86.Build.0 = Release|Win32
		{516192EB-788A-4FE7-B2B7-2EF9AC036B12}.Debug|x64.ActiveCfg = Debug|x64
		{516192EB-788A-4FE7-B2B7-2EF9AC036B12}.Debug|x64.Build.0 = Debug|x64
		{516192EB-788A-4FE7-B2B7-2EF9AC036B12}.Debug|x86.ActiveCfg = Debug|Win32
		{516192EB-788A-4FE7-B2B7-2EF9AC036B12}.Debug|x86.Build.0 = Debug|Win32
		{516192EB-788A-4FE7-B2B7-2EF9AC036B12}.Release|x64.ActiveCfg = Release|x64
		{516192EB-788A-4FE7-B2B7-2EF9AC036B12}.Release|x64.Build.0 = Release|x64
		{516192EB-788A-4FE7-B2B7-2EF9AC036B12}.Release|x86.ActiveCfg = Release|Win32
		{516192EB-788A-4FE7-B2B7-2EF9AC036B12}.Release|x86.Build.0 = Release|Win32
		{962D5317-D0F0-491A-84A5-FE40E8D55DF7}.Debug|x64.ActiveCfg = Debug|x64
		{962D5317-D0F0-491A-84A5-FE40E8D55DF7}.Debug|x64.Build.0 = Debug|x64
		{962D5317-D0F0-491A-84A5-FE40E8D55DF7}.Debug|x86.ActiveCfg = Debug|Win32
		{962D5317-D0F0-491A-84A5-FE40E8D55DF7}.Debug|x86.Build.0 = Debug|Win32
		{962D5317-D0F0-491A-84A5-FE40E8D55DF7}.Release|x64.ActiveCfg = Release|x64
		{962D5317-D0F0-491A-84A5-FE40E8D55DF7}.Release|x64.Build.0 = Release|x64
		{962D5317-D0F0-491A-84A5-FE40E8D55DF7}.Release|x86.ActiveCfg = Release|Win32
		{962D5317-D0F0-491A-84A5-FE40E8D55DF7}.Release|x86.Build.0 = Release|Win32
	EndGlobalSection
	GlobalSection(SolutionProperties) = preSolution
		HideSolutionNode = FALSE
	EndGlobalSection
	GlobalSection(NestedProjects) = preSolution
		{56AFBB7B-A9D1-4A75-AC8A-18C5DCF6AB74} = {685EF950-BBED-47D8-BA32-CDB01438EFDA}
		{21561F86-8155-41F7-9AED-DCA7FBCCFE6E} = {5043F965-7483-4F85-945E-D31EBC67F4D0}
		{893FBF47-989F-424C-B78D-EB18C4EA8341} = {D5C743AB-A043-4C22-8170-639506C401B8}
		{E9865D63-38B8-43C7-B0BE-E63658C47195} = {685EF950-BBED-47D8-BA32-CDB01438EFDA}
		{E0B52AE7-E160-4D32-BF3F-910B785E5A8E} = {45DE3125-3199-4009-91F9-B21EA327E9E4}
		{3AE45C89-FBBA-4BC9-B2BE-4B9CF7BD4999} = {685EF950-BBED-47D8-BA32-CDB01438EFDA}
		{3629F01A-6FED-42EB-B308-E9F7F1346EAF} = {685EF950-BBED-47D8-BA32-CDB01438EFDA}
		{18AE047B-3A0E-4A95-8A3D-A504D3D7E6BA} = {5043F965-7483-4F85-945E-D31EBC67F4D0}
		{4E826A2B-D50B-49D7-8194-FE755403659D} = {6C91DB3E-6E57-4222-9393-84E1F7DC68A8}
		{063B08FF-6B96-43F9-82D6-7B141DC5E9BE} = {5043F965-7483-4F85-945E-D31EBC67F4D0}
		{D606FEC9-F405-441E-8D79-01B9233BE752} = {5043F965-7483-4F85-945E-D31EBC67F4D0}
		{52D656A2-A2F4-4C54-A3C7-653427BED1E8} = {45DE3125-3199-4009-91F9-B21EA327E9E4}
		{84DD063F-A513-407A-9167-0E4A361EA502} = {5043F965-7483-4F85-945E-D31EBC67F4D0}
		{F425C27C-5124-4142-BCB2-C66BC85F3ECA} = {5043F965-7483-4F85-945E-D31EBC67F4D0}
		{72EE996B-4DC7-4A11-BCA5-0B9CC051ABAD} = {5043F965-7483-4F85-945E-D31EBC67F4D0}
		{F4994E1E-462E-48D5-AAC7-45D99DACAEA8} = {5043F965-7483-4F85-945E-D31EBC67F4D0}
		{84BAD33B-828F-47C9-A80A-3306F3039651} = {D98E23DF-2DA2-4A10-AFBD-482A2DCBD3F0}
		{8B657840-C671-426A-8CDB-67A661E47ABC} = {D98E23DF-2DA2-4A10-AFBD-482A2DCBD3F0}
		{46786999-F033-4063-98BB-BAE46315C289} = {D98E23DF-2DA2-4A10-AFBD-482A2DCBD3F0}
		{20021CD6-EAD9-4CF5-BC89-14F927FDE9B6} = {6F909C62-86F5-4F2D-B837-A94F314140CA}
		{8DB613B4-288B-479D-823A-1E5741D19B8C} = {D98E23DF-2DA2-4A10-AFBD-482A2DCBD3F0}
		{5BBFF287-7910-4877-8E8B-F1B38E1161A9} = {D98E23DF-2DA2-4A10-AFBD-482A2DCBD3F0}
		{EEAFB72D-B7AD-4265-820A-818A8590F6AF} = {D98E23DF-2DA2-4A10-AFBD-482A2DCBD3F0}
		{C11FFC21-7392-41B7-9ADC-317ABE44E8B0} = {D98E23DF-2DA2-4A10-AFBD-482A2DCBD3F0}
		{2C8C7939-6A7F-4B94-853C-E9E35BC47E19} = {D98E23DF-2DA2-4A10-AFBD-482A2DCBD3F0}
		{F1435998-B5C3-427B-92D0-C96E3999BE6D} = {D98E23DF-2DA2-4A10-AFBD-482A2DCBD3F0}
		{7BF559FB-2032-4002-8CB7-A8EF5DC7A214} = {4C0ECF37-62EA-437E-8C89-0FEAEBC39D74}
		{9D9C8F0F-E88C-415B-96A3-FE9DE0437FEC} = {4C0ECF37-62EA-437E-8C89-0FEAEBC39D74}
		{8F21474D-D5AC-4697-B4E7-1A90B5AFCB0F} = {685EF950-BBED-47D8-BA32-CDB01438EFDA}
		{516192EB-788A-4FE7-B2B7-2EF9AC036B12} = {45DE3125-3199-4009-91F9-B21EA327E9E4}
		{962D5317-D0F0-491A-84A5-FE40E8D55DF7} = {4C0ECF37-62EA-437E-8C89-0FEAEBC39D74}
	EndGlobalSection
	GlobalSection(ExtensibilityGlobals) = postSolution
		SolutionGuid = {D4DDB9D9-9D61-43C4-A282-C9EB63FCDF0E}
	EndGlobalSection
EndGlobal
